
Microsoft Visual Studio Solution File, Format Version 12.00
# Visual Studio Version 17
VisualStudioVersion = 17.14.36414.22 d17.14
MinimumVisualStudioVersion = 10.0.40219.1
Project("{FAE04EC0-301F-11D3-BF4B-00C04F79EFBC}") = "macl", "macl.csproj", "{3FF190CE-04A3-470F-93D9-AEE7912F1A18}"
EndProject
Global
	GlobalSection(SolutionConfigurationPlatforms) = preSolution
		Debug|Any CPU = Debug|Any CPU
		Release|Any CPU = Release|Any CPU
	EndGlobalSection
	GlobalSection(ProjectConfigurationPlatforms) = postSolution
		{3FF190CE-04A3-470F-93D9-AEE7912F1A18}.Debug|Any CPU.ActiveCfg = Debug|Any CPU
		{3FF190CE-04A3-470F-93D9-AEE7912F1A18}.Debug|Any CPU.Build.0 = Debug|Any CPU
		{3FF190CE-04A3-470F-93D9-AEE7912F1A18}.Release|Any CPU.ActiveCfg = Release|Any CPU
		{3FF190CE-04A3-470F-93D9-AEE7912F1A18}.Release|Any CPU.Build.0 = Release|Any CPU
	EndGlobalSection
	GlobalSection(SolutionProperties) = preSolution
		HideSolutionNode = FALSE
	EndGlobalSection
	GlobalSection(ExtensibilityGlobals) = postSolution
		SolutionGuid = {7D134685-146C-4C09-966F-9697B31ACB3D}
	EndGlobalSection
EndGlobal
